schema: '2.0'
stages:
  data_collection:
    cmd: python src/data_collection.py
    deps:
    - path: src/data_collection.py
      hash: md5
      md5: 379b79df9e6739f7ce677bc06ad14af2
      size: 1603
    params:
      params.yaml:
        data_collection.test_size: 0.2
    outs:
    - path: data/raw
      hash: md5
      md5: f508f5f2cfb3fcc116235f0993dd2e00.dir
      size: 520443
      nfiles: 2
  data_processing:
    cmd: python src/data_processing.py
    deps:
    - path: data/raw
      hash: md5
      md5: f508f5f2cfb3fcc116235f0993dd2e00.dir
      size: 520443
      nfiles: 2
    - path: src/data_processing.py
      hash: md5
      md5: 5c3bf0826f08b4b5b18ad10c914a5f23
      size: 1590
    outs:
    - path: data/processed
      hash: md5
      md5: 84c3859267fd6548a67c25b16acdb6eb.dir
      size: 520443
      nfiles: 2
  model_building:
    cmd: python src/model_building.py
    deps:
    - path: data/processed
      hash: md5
      md5: 84c3859267fd6548a67c25b16acdb6eb.dir
      size: 520443
      nfiles: 2
    - path: src/model_building.py
      hash: md5
      md5: af68ff8c432f3887a72d049add04a66a
      size: 1874
    params:
      params.yaml:
        model_building.n_estimators: 100
    outs:
    - path: model.pkl
      hash: md5
      md5: 65599cdb54762797ba25ab287f0deda4
      size: 7210741
  model_evaluation:
    cmd: python src/model_evaluation.py
    deps:
    - path: model.pkl
      hash: md5
      md5: 65599cdb54762797ba25ab287f0deda4
      size: 7210741
    - path: src/model_evaluation.py
      hash: md5
      md5: f2a06473d8faf6310bbf6db5d6fcc12f
      size: 2194
    outs:
    - path: metrics.json
      hash: md5
      md5: bc9b49e2ab7620126963b7181a06e82a
      size: 139
